
Microsoft Visual Studio Solution File, Format Version 12.00
# Visual Studio Version 17
VisualStudioVersion = 17.4.33213.308
MinimumVisualStudioVersion = 10.0.40219.1
Project("{FAE04EC0-301F-11D3-BF4B-00C04F79EFBC}") = "HW_5.1_Networking", "HW_5.1_Networking.csproj", "{8CCE7950-9297-40EF-A9CA-E8504731B67E}"
EndProject
Global
	GlobalSection(SolutionConfigurationPlatforms) = preSolution
		Debug|Any CPU = Debug|Any CPU
		Release|Any CPU = Release|Any CPU
	EndGlobalSection
	GlobalSection(ProjectConfigurationPlatforms) = postSolution
		{8CCE7950-9297-40EF-A9CA-E8504731B67E}.Debug|Any CPU.ActiveCfg = Debug|Any CPU
		{8CCE7950-9297-40EF-A9CA-E8504731B67E}.Debug|Any CPU.Build.0 = Debug|Any CPU
		{8CCE7950-9297-40EF-A9CA-E8504731B67E}.Release|Any CPU.ActiveCfg = Release|Any CPU
		{8CCE7950-9297-40EF-A9CA-E8504731B67E}.Release|Any CPU.Build.0 = Release|Any CPU
	EndGlobalSection
	GlobalSection(SolutionProperties) = preSolution
		HideSolutionNode = FALSE
	EndGlobalSection
	GlobalSection(ExtensibilityGlobals) = postSolution
		SolutionGuid = {147B566C-A29B-42DF-8662-A45B82EDAAF0}
	EndGlobalSection
EndGlobal
